# THIS IS AN AUTOGENERATED FILE. DO NOT EDIT THIS FILE DIRECTLY.
# yarn lockfile v1


"@kwsites/file-exists@^1.1.1":
  version "1.1.1"
  resolved "https://registry.npm.taobao.org/@kwsites/file-exists/download/@kwsites/file-exists-1.1.1.tgz#ad1efcac13e1987d8dbaf235ef3be5b0d96faa99"
  integrity sha1-rR78rBPhmH2NuvI17zvlsNlvqpk=
  dependencies:
    debug "^4.1.1"

"@kwsites/promise-deferred@^1.1.1":
  version "1.1.1"
  resolved "https://registry.npm.taobao.org/@kwsites/promise-deferred/download/@kwsites/promise-deferred-1.1.1.tgz?cache=0&sync_timestamp=1593588903948&other_urls=https%3A%2F%2Fregistry.npm.taobao.org%2F%40kwsites%2Fpromise-deferred%2Fdownload%2F%40kwsites%2Fpromise-deferred-1.1.1.tgz#8ace5259254426ccef57f3175bc64ed7095ed919"
  integrity sha1-is5SWSVEJszvV/MXW8ZO1wle2Rk=

debug@^4.1.1, debug@^4.3.1:
  version "4.3.1"
  resolved "https://registry.npm.taobao.org/debug/download/debug-4.3.1.tgz?cache=0&sync_timestamp=1606566568533&other_urls=https%3A%2F%2Fregistry.npm.taobao.org%2Fdebug%2Fdownload%2Fdebug-4.3.1.tgz#f0d229c505e0c6d8c49ac553d1b13dc183f6b2ee"
  integrity sha1-8NIpxQXgxtjEmsVT0bE9wYP2su4=
  dependencies:
    ms "2.1.2"

ms@2.1.2:
  version "2.1.2"
  resolved "https://registry.npm.taobao.org/ms/download/ms-2.1.2.tgz#d09d1f357b443f493382a8eb3ccd183872ae6009"
  integrity sha1-0J0fNXtEP0kzgqjrPM0YOHKuYAk=

simple-git@^2.24.0:
  version "2.24.0"
  resolved "https://registry.npm.taobao.org/simple-git/download/simple-git-2.24.0.tgz?cache=0&sync_timestamp=1606477766191&other_urls=https%3A%2F%2Fregistry.npm.taobao.org%2Fsimple-git%2Fdownload%2Fsimple-git-2.24.0.tgz#7ee22898d4155b3917b301ab97e937c52a33247d"
  integrity sha1-fuIomNQVWzkXswGrl+k3xSozJH0=
  dependencies:
    "@kwsites/file-exists" "^1.1.1"
    "@kwsites/promise-deferred" "^1.1.1"
    debug "^4.3.1"
